// !$*UTF8*$!
{
	archiveVersion = 1;
	classes = {
	};
	objectVersion = 48;
	objects = {

/* Begin PBXBuildFile section */
		35C70AEC20126AEF004BDA74 /* AppDelegate.swift in Sources */ = {isa = PBXBuildFile; fileRef = 35C70AEB20126AEF004BDA74 /* AppDelegate.swift */; };
		35C70AEE20126AEF004BDA74 /* ViewController.swift in Sources */ = {isa = PBXBuildFile; fileRef = 35C70AED20126AEF004BDA74 /* ViewController.swift */; };
		35C70AF120126AEF004BDA74 /* Main.storyboard in Resources */ = {isa = PBXBuildFile; fileRef = 35C70AEF20126AEF004BDA74 /* Main.storyboard */; };
		35C70AF320126AEF004BDA74 /* Assets.xcassets in Resources */ = {isa = PBXBuildFile; fileRef = 35C70AF220126AEF004BDA74 /* Assets.xcassets */; };
		35C70AF620126AEF004BDA74 /* LaunchScreen.storyboard in Resources */ = {isa = PBXBuildFile; fileRef = 35C70AF420126AEF004BDA74 /* LaunchScreen.storyboard */; };
		35C70B0120126AEF004BDA74 /* FoodTrackerTests.swift in Sources */ = {isa = PBXBuildFile; fileRef = 35C70B0020126AEF004BDA74 /* FoodTrackerTests.swift */; };
		35C70B0C20126AEF004BDA74 /* FoodTrackerUITests.swift in Sources */ = {isa = PBXBuildFile; fileRef = 35C70B0B20126AEF004BDA74 /* FoodTrackerUITests.swift */; };
/* End PBXBuildFile section */

/* Begin PBXContainerItemProxy section */
		35C70AFD20126AEF004BDA74 /* PBXContainerItemProxy */ = {
			isa = PBXContainerItemProxy;
			containerPortal = 35C70AE020126AEF004BDA74 /* Project object */;
			proxyType = 1;
			remoteGlobalIDString = 35C70AE720126AEF004BDA74;
			remoteInfo = FoodTracker;
		};
		35C70B0820126AEF004BDA74 /* PBXContainerItemProxy */ = {
			isa = PBXContainerItemProxy;
			containerPortal = 35C70AE020126AEF004BDA74 /* Project object */;
			proxyType = 1;
			remoteGlobalIDString = 35C70AE720126AEF004BDA74;
			remoteInfo = FoodTracker;
		};
/* End PBXContainerItemProxy section */

/* Begin PBXFileReference section */
		35C70AE820126AEF004BDA74 /* FoodTracker.app */ = {isa = PBXFileReference; explicitFileType = wrapper.application; includeInIndex = 0; path = FoodTracker.app; sourceTree = BUILT_PRODUCTS_DIR; };
		35C70AEB20126AEF004BDA74 /* AppDelegate.swift */ = {isa = PBXFileReference; lastKnownFileType = sourcecode.swift; path = AppDelegate.swift; sourceTree = "<group>"; };
		35C70AED20126AEF004BDA74 /* ViewController.swift */ = {isa = PBXFileReference; lastKnownFileType = sourcecode.swift; path = ViewController.swift; sourceTree = "<group>"; };
		35C70AF020126AEF004BDA74 /* Base */ = {isa = PBXFileReference; lastKnownFileType = file.storyboard; name = Base; path = Base.lproj/Main.storyboard; sourceTree = "<group>"; };
		35C70AF220126AEF004BDA74 /* Assets.xcassets */ = {isa = PBXFileReference; lastKnownFileType = folder.assetcatalog; path = Assets.xcassets; sourceTree = "<group>"; };
		35C70AF520126AEF004BDA74 /* Base */ = {isa = PBXFileReference; lastKnownFileType = file.storyboard; name = Base; path = Base.lproj/LaunchScreen.storyboard; sourceTree = "<group>"; };
		35C70AF720126AEF004BDA74 /* Info.plist */ = {isa = PBXFileReference; lastKnownFileType = text.plist.xml; path = Info.plist; sourceTree = "<group>"; };
		35C70AFC20126AEF004BDA74 /* FoodTrackerTests.xctest */ = {isa = PBXFileReference; explicitFileType = wrapper.cfbundle; includeInIndex = 0; path = FoodTrackerTests.xctest; sourceTree = BUILT_PRODUCTS_DIR; };
		35C70B0020126AEF004BDA74 /* FoodTrackerTests.swift */ = {isa = PBXFileReference; lastKnownFileType = sourcecode.swift; path = FoodTrackerTests.swift; sourceTree = "<group>"; };
		35C70B0220126AEF004BDA74 /* Info.plist */ = {isa = PBXFileReference; lastKnownFileType = text.plist.xml; path = Info.plist; sourceTree = "<group>"; };
		35C70B0720126AEF004BDA74 /* FoodTrackerUITests.xctest */ = {isa = PBXFileReference; explicitFileType = wrapper.cfbundle; includeInIndex = 0; path = FoodTrackerUITests.xctest; sourceTree = BUILT_PRODUCTS_DIR; };
		35C70B0B20126AEF004BDA74 /* FoodTrackerUITests.swift */ = {isa = PBXFileReference; lastKnownFileType = sourcecode.swift; path = FoodTrackerUITests.swift; sourceTree = "<group>"; };
		35C70B0D20126AEF004BDA74 /* Info.plist */ = {isa = PBXFileReference; lastKnownFileType = text.plist.xml; path = Info.plist; sourceTree = "<group>"; };
/* End PBXFileReference section */

/* Begin PBXFrameworksBuildPhase section */
		35C70AE520126AEF004BDA74 /* Frameworks */ = {
			isa = PBXFrameworksBuildPhase;
			buildActionMask = 2147483647;
			files = (
			);
			runOnlyForDeploymentPostprocessing = 0;
		};
		35C70AF920126AEF004BDA74 /* Frameworks */ = {
			isa = PBXFrameworksBuildPhase;
			buildActionMask = 2147483647;
			files = (
			);
			runOnlyForDeploymentPostprocessing = 0;
		};
		35C70B0420126AEF004BDA74 /* Frameworks */ = {
			isa = PBXFrameworksBuildPhase;
			buildActionMask = 2147483647;
			files = (
			);
			runOnlyForDeploymentPostprocessing = 0;
		};
/* End PBXFrameworksBuildPhase section */

/* Begin PBXGroup section */
		35C70ADF20126AEF004BDA74 = {
			isa = PBXGroup;
			children = (
				35C70AEA20126AEF004BDA74 /* FoodTracker */,
				35C70AFF20126AEF004BDA74 /* FoodTrackerTests */,
				35C70B0A20126AEF004BDA74 /* FoodTrackerUITests */,
				35C70AE920126AEF004BDA74 /* Products */,
			);
			sourceTree = "<group>";
		};
		35C70AE920126AEF004BDA74 /* Products */ = {
			isa = PBXGroup;
			children = (
				35C70AE820126AEF004BDA74 /* FoodTracker.app */,
				35C70AFC20126AEF004BDA74 /* FoodTrackerTests.xctest */,
				35C70B0720126AEF004BDA74 /* FoodTrackerUITests.xctest */,
			);
			name = Products;
			sourceTree = "<group>";
		};
		35C70AEA20126AEF004BDA74 /* FoodTracker */ = {
			isa = PBXGroup;
			children = (
				35C70AEB20126AEF004BDA74 /* AppDelegate.swift */,
				35C70AED20126AEF004BDA74 /* ViewController.swift */,
				35C70AEF20126AEF004BDA74 /* Main.storyboard */,
				35C70AF220126AEF004BDA74 /* Assets.xcassets */,
				35C70AF420126AEF004BDA74 /* LaunchScreen.storyboard */,
				35C70AF720126AEF004BDA74 /* Info.plist */,
			);
			path = FoodTracker;
			sourceTree = "<group>";
		};
		35C70AFF20126AEF004BDA74 /* FoodTrackerTests */ = {
			isa = PBXGroup;
			children = (
				35C70B0020126AEF004BDA74 /* FoodTrackerTests.swift */,
				35C70B0220126AEF004BDA74 /* Info.plist */,
			);
			path = FoodTrackerTests;
			sourceTree = "<group>";
		};
		35C70B0A20126AEF004BDA74 /* FoodTrackerUITests */ = {
			isa = PBXGroup;
			children = (
				35C70B0B20126AEF004BDA74 /* FoodTrackerUITests.swift */,
				35C70B0D20126AEF004BDA74 /* Info.plist */,
			);
			path = FoodTrackerUITests;
			sourceTree = "<group>";
		};
/* End PBXGroup section */

/* Begin PBXNativeTarget section */
		35C70AE720126AEF004BDA74 /* FoodTracker */ = {
			isa = PBXNativeTarget;
			buildConfigurationList = 35C70B1020126AEF004BDA74 /* Build configuration list for PBXNativeTarget "FoodTracker" */;
			buildPhases = (
				35C70AE420126AEF004BDA74 /* Sources */,
				35C70AE520126AEF004BDA74 /* Frameworks */,
				35C70AE620126AEF004BDA74 /* Resources */,
			);
			buildRules = (
			);
			dependencies = (
			);
			name = FoodTracker;
			productName = FoodTracker;
			productReference = 35C70AE820126AEF004BDA74 /* FoodTracker.app */;
			productType = "com.apple.product-type.application";
		};
		35C70AFB20126AEF004BDA74 /* FoodTrackerTests */ = {
			isa = PBXNativeTarget;
			buildConfigurationList = 35C70B1320126AEF004BDA74 /* Build configuration list for PBXNativeTarget "FoodTrackerTests" */;
			buildPhases = (
				35C70AF820126AEF004BDA74 /* Sources */,
				35C70AF920126AEF004BDA74 /* Frameworks */,
				35C70AFA20126AEF004BDA74 /* Resources */,
			);
			buildRules = (
			);
			dependencies = (
				35C70AFE20126AEF004BDA74 /* PBXTargetDependency */,
			);
			name = FoodTrackerTests;
			productName = FoodTrackerTests;
			productReference = 35C70AFC20126AEF004BDA74 /* FoodTrackerTests.xctest */;
			productType = "com.apple.product-type.bundle.unit-test";
		};
		35C70B0620126AEF004BDA74 /* FoodTrackerUITests */ = {
			isa = PBXNativeTarget;
			buildConfigurationList = 35C70B1620126AEF004BDA74 /* Build configuration list for PBXNativeTarget "FoodTrackerUITests" */;
			buildPhases = (
				35C70B0320126AEF004BDA74 /* Sources */,
				35C70B0420126AEF004BDA74 /* Frameworks */,
				35C70B0520126AEF004BDA74 /* Resources */,
			);
			buildRules = (
			);
			dependencies = (
				35C70B0920126AEF004BDA74 /* PBXTargetDependency */,
			);
			name = FoodTrackerUITests;
			productName = FoodTrackerUITests;
			productReference = 35C70B0720126AEF004BDA74 /* FoodTrackerUITests.xctest */;
			productType = "com.apple.product-type.bundle.ui-testing";
		};
/* End PBXNativeTarget section */

/* Begin PBXProject section */
		35C70AE020126AEF004BDA74 /* Project object */ = {
			isa = PBXProject;
			attributes = {
				LastSwiftUpdateCheck = 0920;
				LastUpgradeCheck = 0920;
				ORGANIZATIONNAME = "renat khalikov";
				TargetAttributes = {
					35C70AE720126AEF004BDA74 = {
						CreatedOnToolsVersion = 9.2;
						ProvisioningStyle = Automatic;
					};
					35C70AFB20126AEF004BDA74 = {
						CreatedOnToolsVersion = 9.2;
						ProvisioningStyle = Automatic;
						TestTargetID = 35C70AE720126AEF004BDA74;
					};
					35C70B0620126AEF004BDA74 = {
						CreatedOnToolsVersion = 9.2;
						ProvisioningStyle = Automatic;
						TestTargetID = 35C70AE720126AEF004BDA74;
					};
				};
			};
			buildConfigurationList = 35C70AE320126AEF004BDA74 /* Build configuration list for PBXProject "FoodTracker" */;
			compatibilityVersion = "Xcode 8.0";
			developmentRegion = en;
			hasScannedForEncodings = 0;
			knownRegions = (
				en,
				Base,
			);
			mainGroup = 35C70ADF20126AEF004BDA74;
			productRefGroup = 35C70AE920126AEF004BDA74 /* Products */;
			projectDirPath = "";
			projectRoot = "";
			targets = (
				35C70AE720126AEF004BDA74 /* FoodTracker */,
				35C70AFB20126AEF004BDA74 /* FoodTrackerTests */,
				35C70B0620126AEF004BDA74 /* FoodTrackerUITests */,
			);
		};
/* End PBXProject section */

/* Begin PBXResourcesBuildPhase section */
		35C70AE620126AEF004BDA74 /* Resources */ = {
			isa = PBXResourcesBuildPhase;
			buildActionMask = 2147483647;
			files = (
				35C70AF620126AEF004BDA74 /* LaunchScreen.storyboard in Resources */,
				35C70AF320126AEF004BDA74 /* Assets.xcassets in Resources */,
				35C70AF120126AEF004BDA74 /* Main.storyboard in Resources */,
			);
			runOnlyForDeploymentPostprocessing = 0;
		};
		35C70AFA20126AEF004BDA74 /* Resources */ = {
			isa = PBXResourcesBuildPhase;
			buildActionMask = 2147483647;
			files = (
			);
			runOnlyForDeploymentPostprocessing = 0;
		};
		35C70B0520126AEF004BDA74 /* Resources */ = {
			isa = PBXResourcesBuildPhase;
			buildActionMask = 2147483647;
			files = (
			);
			runOnlyForDeploymentPostprocessing = 0;
		};
/* End PBXResourcesBuildPhase section */

/* Begin PBXSourcesBuildPhase section */
		35C70AE420126AEF004BDA74 /* Sources */ = {
			isa = PBXSourcesBuildPhase;
			buildActionMask = 2147483647;
			files = (
				35C70AEE20126AEF004BDA74 /* ViewController.swift in Sources */,
				35C70AEC20126AEF004BDA74 /* AppDelegate.swift in Sources */,
			);
			runOnlyForDeploymentPostprocessing = 0;
		};
		35C70AF820126AEF004BDA74 /* Sources */ = {
			isa = PBXSourcesBuildPhase;
			buildActionMask = 2147483647;
			files = (
				35C70B0120126AEF004BDA74 /* FoodTrackerTests.swift in Sources */,
			);
			runOnlyForDeploymentPostprocessing = 0;
		};
		35C70B0320126AEF004BDA74 /* Sources */ = {
			isa = PBXSourcesBuildPhase;
			buildActionMask = 2147483647;
			files = (
				35C70B0C20126AEF004BDA74 /* FoodTrackerUITests.swift in Sources */,
			);
			runOnlyForDeploymentPostprocessing = 0;
		};
/* End PBXSourcesBuildPhase section */

/* Begin PBXTargetDependency section */
		35C70AFE20126AEF004BDA74 /* PBXTargetDependency */ = {
			isa = PBXTargetDependency;
			target = 35C70AE720126AEF004BDA74 /* FoodTracker */;
			targetProxy = 35C70AFD20126AEF004BDA74 /* PBXContainerItemProxy */;
		};
		35C70B0920126AEF004BDA74 /* PBXTargetDependency */ = {
			isa = PBXTargetDependency;
			target = 35C70AE720126AEF004BDA74 /* FoodTracker */;
			targetProxy = 35C70B0820126AEF004BDA74 /* PBXContainerItemProxy */;
		};
/* End PBXTargetDependency section */

/* Begin PBXVariantGroup section */
		35C70AEF20126AEF004BDA74 /* Main.storyboard */ = {
			isa = PBXVariantGroup;
			children = (
				35C70AF020126AEF004BDA74 /* Base */,
			);
			name = Main.storyboard;
			sourceTree = "<group>";
		};
		35C70AF420126AEF004BDA74 /* LaunchScreen.storyboard */ = {
			isa = PBXVariantGroup;
			children = (
				35C70AF520126AEF004BDA74 /* Base */,
			);
			name = LaunchScreen.storyboard;
			sourceTree = "<group>";
		};
/* End PBXVariantGroup section */

/* Begin XCBuildConfiguration section */
		35C70B0E20126AEF004BDA74 /* Debug */ = {
			isa = XCBuildConfiguration;
			buildSettings = {
				ALWAYS_SEARCH_USER_PATHS = NO;
				CLANG_ANALYZER_NONNULL = YES;
				CLANG_ANALYZER_NUMBER_OBJECT_CONVERSION = YES_AGGRESSIVE;
				CLANG_CXX_LANGUAGE_STANDARD = "gnu++14";
				CLANG_CXX_LIBRARY = "libc++";
				CLANG_ENABLE_MODULES = YES;
				CLANG_ENABLE_OBJC_ARC = YES;
				CLANG_WARN_BLOCK_CAPTURE_AUTORELEASING = YES;
				CLANG_WARN_BOOL_CONVERSION = YES;
				CLANG_WARN_COMMA = YES;
				CLANG_WARN_CONSTANT_CONVERSION = YES;
				CLANG_WARN_DIRECT_OBJC_ISA_USAGE = YES_ERROR;
				CLANG_WARN_DOCUMENTATION_COMMENTS = YES;
				CLANG_WARN_EMPTY_BODY = YES;
				CLANG_WARN_ENUM_CONVERSION = YES;
				CLANG_WARN_INFINITE_RECURSION = YES;
				CLANG_WARN_INT_CONVERSION = YES;
				CLANG_WARN_NON_LITERAL_NULL_CONVERSION = YES;
				CLANG_WARN_OBJC_LITERAL_CONVERSION = YES;
				CLANG_WARN_OBJC_ROOT_CLASS = YES_ERROR;
				CLANG_WARN_RANGE_LOOP_ANALYSIS = YES;
				CLANG_WARN_STRICT_PROTOTYPES = YES;
				CLANG_WARN_SUSPICIOUS_MOVE = YES;
				CLANG_WARN_UNGUARDED_AVAILABILITY = YES_AGGRESSIVE;
				CLANG_WARN_UNREACHABLE_CODE = YES;
				CLANG_WARN__DUPLICATE_METHOD_MATCH = YES;
				CODE_SIGN_IDENTITY = "iPhone Developer";
				COPY_PHASE_STRIP = NO;
				DEBUG_INFORMATION_FORMAT = dwarf;
				ENABLE_STRICT_OBJC_MSGSEND = YES;
				ENABLE_TESTABILITY = YES;
				GCC_C_LANGUAGE_STANDARD = gnu11;
				GCC_DYNAMIC_NO_PIC = NO;
				GCC_NO_COMMON_BLOCKS = YES;
				GCC_OPTIMIZATION_LEVEL = 0;
				GCC_PREPROCESSOR_DEFINITIONS = (
					"DEBUG=1",
					"$(inherited)",
				);
				GCC_WARN_64_TO_32_BIT_CONVERSION = YES;
				GCC_WARN_ABOUT_RETURN_TYPE = YES_ERROR;
				GCC_WARN_UNDECLARED_SELECTOR = YES;
				GCC_WARN_UNINITIALIZED_AUTOS = YES_AGGRESSIVE;
				GCC_WARN_UNUSED_FUNCTION = YES;
				GCC_WARN_UNUSED_VARIABLE = YES;
				IPHONEOS_DEPLOYMENT_TARGET = 11.2;
				MTL_ENABLE_DEBUG_INFO = YES;
				ONLY_ACTIVE_ARCH = YES;
				SDKROOT = iphoneos;
				SWIFT_ACTIVE_COMPILATION_CONDITIONS = DEBUG;
				SWIFT_OPTIMIZATION_LEVEL = "-Onone";
			};
			name = Debug;
		};
		35C70B0F20126AEF004BDA74 /* Release */ = {
			isa = XCBuildConfiguration;
			buildSettings = {
				ALWAYS_SEARCH_USER_PATHS = NO;
				CLANG_ANALYZER_NONNULL = YES;
				CLANG_ANALYZER_NUMBER_OBJECT_CONVERSION = YES_AGGRESSIVE;
				CLANG_CXX_LANGUAGE_STANDARD = "gnu++14";
				CLANG_CXX_LIBRARY = "libc++";
				CLANG_ENABLE_MODULES = YES;
				CLANG_ENABLE_OBJC_ARC = YES;
				CLANG_WARN_BLOCK_CAPTURE_AUTORELEASING = YES;
				CLANG_WARN_BOOL_CONVERSION = YES;
				CLANG_WARN_COMMA = YES;
				CLANG_WARN_CONSTANT_CONVERSION = YES;
				CLANG_WARN_DIRECT_OBJC_ISA_USAGE = YES_ERROR;
				CLANG_WARN_DOCUMENTATION_COMMENTS = YES;
				CLANG_WARN_EMPTY_BODY = YES;
				CLANG_WARN_ENUM_CONVERSION = YES;
				CLANG_WARN_INFINITE_RECURSION = YES;
				CLANG_WARN_INT_CONVERSION = YES;
				CLANG_WARN_NON_LITERAL_NULL_CONVERSION = YES;
				CLANG_WARN_OBJC_LITERAL_CONVERSION = YES;
				CLANG_WARN_OBJC_ROOT_CLASS = YES_ERROR;
				CLANG_WARN_RANGE_LOOP_ANALYSIS = YES;
				CLANG_WARN_STRICT_PROTOTYPES = YES;
				CLANG_WARN_SUSPICIOUS_MOVE = YES;
				CLANG_WARN_UNGUARDED_AVAILABILITY = YES_AGGRESSIVE;
				CLANG_WARN_UNREACHABLE_CODE = YES;
				CLANG_WARN__DUPLICATE_METHOD_MATCH = YES;
				CODE_SIGN_IDENTITY = "iPhone Developer";
				COPY_PHASE_STRIP = NO;
				DEBUG_INFORMATION_FORMAT = "dwarf-with-dsym";
				ENABLE_NS_ASSERTIONS = NO;
				ENABLE_STRICT_OBJC_MSGSEND = YES;
				GCC_C_LANGUAGE_STANDARD = gnu11;
				GCC_NO_COMMON_BLOCKS = YES;
				GCC_WARN_64_TO_32_BIT_CONVERSION = YES;
				GCC_WARN_ABOUT_RETURN_TYPE = YES_ERROR;
				GCC_WARN_UNDECLARED_SELECTOR = YES;
				GCC_WARN_UNINITIALIZED_AUTOS = YES_AGGRESSIVE;
				GCC_WARN_UNUSED_FUNCTION = YES;
				GCC_WARN_UNUSED_VARIABLE = YES;
				IPHONEOS_DEPLOYMENT_TARGET = 11.2;
				MTL_ENABLE_DEBUG_INFO = NO;
				SDKROOT = iphoneos;
				SWIFT_OPTIMIZATION_LEVEL = "-Owholemodule";
				VALIDATE_PRODUCT = YES;
			};
			name = Release;
		};
		35C70B1120126AEF004BDA74 /* Debug */ = {
			isa = XCBuildConfiguration;
			buildSettings = {
				ASSETCATALOG_COMPILER_APPICON_NAME = AppIcon;
				CODE_SIGN_STYLE = Automatic;
				INFOPLIST_FILE = FoodTracker/Info.plist;
				LD_RUNPATH_SEARCH_PATHS = "$(inherited) @executable_path/Frameworks";
				PRODUCT_BUNDLE_IDENTIFIER = com.example.FoodTracker;
				PRODUCT_NAME = "$(TARGET_NAME)";
				SWIFT_VERSION = 4.0;
				TARGETED_DEVICE_FAMILY = "1,2";
			};
			name = Debug;
		};
		35C70B1220126AEF004BDA74 /* Release */ = {
			isa = XCBuildConfiguration;
			buildSettings = {
				ASSETCATALOG_COMPILER_APPICON_NAME = AppIcon;
				CODE_SIGN_STYLE = Automatic;
				INFOPLIST_FILE = FoodTracker/Info.plist;
				LD_RUNPATH_SEARCH_PATHS = "$(inherited) @executable_path/Frameworks";
				PRODUCT_BUNDLE_IDENTIFIER = com.example.FoodTracker;
				PRODUCT_NAME = "$(TARGET_NAME)";
				SWIFT_VERSION = 4.0;
				TARGETED_DEVICE_FAMILY = "1,2";
			};
			name = Release;
		};
		35C70B1420126AEF004BDA74 /* Debug */ = {
			isa = XCBuildConfiguration;
			buildSettings = {
				ALWAYS_EMBED_SWIFT_STANDARD_LIBRARIES = YES;
				BUNDLE_LOADER = "$(TEST_HOST)";
				CODE_SIGN_STYLE = Automatic;
				INFOPLIST_FILE = FoodTrackerTests/Info.plist;
				LD_RUNPATH_SEARCH_PATHS = "$(inherited) @executable_path/Frameworks @loader_path/Frameworks";
				PRODUCT_BUNDLE_IDENTIFIER = com.example.FoodTrackerTests;
				PRODUCT_NAME = "$(TARGET_NAME)";
				SWIFT_VERSION = 4.0;
				TARGETED_DEVICE_FAMILY = "1,2";
				TEST_HOST = "$(BUILT_PRODUCTS_DIR)/FoodTracker.app/FoodTracker";
			};
			name = Debug;
		};
		35C70B1520126AEF004BDA74 /* Release */ = {
			isa = XCBuildConfiguration;
			buildSettings = {
				ALWAYS_EMBED_SWIFT_STANDARD_LIBRARIES = YES;
				BUNDLE_LOADER = "$(TEST_HOST)";
				CODE_SIGN_STYLE = Automatic;
				INFOPLIST_FILE = FoodTrackerTests/Info.plist;
				LD_RUNPATH_SEARCH_PATHS = "$(inherited) @executable_path/Frameworks @loader_path/Frameworks";
				PRODUCT_BUNDLE_IDENTIFIER = com.example.FoodTrackerTests;
				PRODUCT_NAME = "$(TARGET_NAME)";
				SWIFT_VERSION = 4.0;
				TARGETED_DEVICE_FAMILY = "1,2";
				TEST_HOST = "$(BUILT_PRODUCTS_DIR)/FoodTracker.app/FoodTracker";
			};
			name = Release;
		};
		35C70B1720126AEF004BDA74 /* Debug */ = {
			isa = XCBuildConfiguration;
			buildSettings = {
				ALWAYS_EMBED_SWIFT_STANDARD_LIBRARIES = YES;
				CODE_SIGN_STYLE = Automatic;
				INFOPLIST_FILE = FoodTrackerUITests/Info.plist;
				LD_RUNPATH_SEARCH_PATHS = "$(inherited) @executable_path/Frameworks @loader_path/Frameworks";
				PRODUCT_BUNDLE_IDENTIFIER = com.example.FoodTrackerUITests;
				PRODUCT_NAME = "$(TARGET_NAME)";
				SWIFT_VERSION = 4.0;
				TARGETED_DEVICE_FAMILY = "1,2";
				TEST_TARGET_NAME = FoodTracker;
			};
			name = Debug;
		};
		35C70B1820126AEF004BDA74 /* Release */ = {
			isa = XCBuildConfiguration;
			buildSettings = {
				ALWAYS_EMBED_SWIFT_STANDARD_LIBRARIES = YES;
				CODE_SIGN_STYLE = Automatic;
				INFOPLIST_FILE = FoodTrackerUITests/Info.plist;
				LD_RUNPATH_SEARCH_PATHS = "$(inherited) @executable_path/Frameworks @loader_path/Frameworks";
				PRODUCT_BUNDLE_IDENTIFIER = com.example.FoodTrackerUITests;
				PRODUCT_NAME = "$(TARGET_NAME)";
				SWIFT_VERSION = 4.0;
				TARGETED_DEVICE_FAMILY = "1,2";
				TEST_TARGET_NAME = FoodTracker;
			};
			name = Release;
		};
/* End XCBuildConfiguration section */

/* Begin XCConfigurationList section */
		35C70AE320126AEF004BDA74 /* Build configuration list for PBXProject "FoodTracker" */ = {
			isa = XCConfigurationList;
			buildConfigurations = (
				35C70B0E20126AEF004BDA74 /* Debug */,
				35C70B0F20126AEF004BDA74 /* Release */,
			);
			defaultConfigurationIsVisible = 0;
			defaultConfigurationName = Release;
		};
		35C70B1020126AEF004BDA74 /* Build configuration list for PBXNativeTarget "FoodTracker" */ = {
			isa = XCConfigurationList;
			buildConfigurations = (
				35C70B1120126AEF004BDA74 /* Debug */,
				35C70B1220126AEF004BDA74 /* Release */,
			);
			defaultConfigurationIsVisible = 0;
			defaultConfigurationName = Release;
		};
		35C70B1320126AEF004BDA74 /* Build configuration list for PBXNativeTarget "FoodTrackerTests" */ = {
			isa = XCConfigurationList;
			buildConfigurations = (
				35C70B1420126AEF004BDA74 /* Debug */,
				35C70B1520126AEF004BDA74 /* Release */,
			);
			defaultConfigurationIsVisible = 0;
			defaultConfigurationName = Release;
		};
		35C70B1620126AEF004BDA74 /* Build configuration list for PBXNativeTarget "FoodTrackerUITests" */ = {
			isa = XCConfigurationList;
			buildConfigurations = (
				35C70B1720126AEF004BDA74 /* Debug */,
				35C70B1820126AEF004BDA74 /* Release */,
			);
			defaultConfigurationIsVisible = 0;
			defaultConfigurationName = Release;
		};
/* End XCConfigurationList section */
	};
	rootObject = 35C70AE020126AEF004BDA74 /* Project object */;
}
